
Microsoft Visual Studio Solution File, Format Version 12.00
# Visual Studio Version 16
VisualStudioVersion = 16.0.29001.49
MinimumVisualStudioVersion = 10.0.40219.1
Project("{9A19103F-16F7-4668-BE54-9A1E7A4F7556}") = "ShoppingBasket", "ShoppingBasket\ShoppingBasket.csproj", "{E1D95931-5F95-407A-9DC6-82432479C5B1}"
EndProject
Project("{9A19103F-16F7-4668-BE54-9A1E7A4F7556}") = "ShoppingBasket.Tests", "ShoppingBasket.Tests\ShoppingBasket.Tests.csproj", "{C1E0ABF2-E066-4449-A2DC-606DBB34D6AE}"
EndProject
Global
	GlobalSection(SolutionConfigurationPlatforms) = preSolution
		Debug|Any CPU = Debug|Any CPU
		Release|Any CPU = Release|Any CPU
	EndGlobalSection
	GlobalSection(ProjectConfigurationPlatforms) = postSolution
		{E1D95931-5F95-407A-9DC6-82432479C5B1}.Debug|Any CPU.ActiveCfg = Debug|Any CPU
		{E1D95931-5F95-407A-9DC6-82432479C5B1}.Debug|Any CPU.Build.0 = Debug|Any CPU
		{E1D95931-5F95-407A-9DC6-82432479C5B1}.Release|Any CPU.ActiveCfg = Release|Any CPU
		{E1D95931-5F95-407A-9DC6-82432479C5B1}.Release|Any CPU.Build.0 = Release|Any CPU
		{C1E0ABF2-E066-4449-A2DC-606DBB34D6AE}.Debug|Any CPU.ActiveCfg = Debug|Any CPU
		{C1E0ABF2-E066-4449-A2DC-606DBB34D6AE}.Debug|Any CPU.Build.0 = Debug|Any CPU
		{C1E0ABF2-E066-4449-A2DC-606DBB34D6AE}.Release|Any CPU.ActiveCfg = Release|Any CPU
		{C1E0ABF2-E066-4449-A2DC-606DBB34D6AE}.Release|Any CPU.Build.0 = Release|Any CPU
	EndGlobalSection
	GlobalSection(SolutionProperties) = preSolution
		HideSolutionNode = FALSE
	EndGlobalSection
	GlobalSection(ExtensibilityGlobals) = postSolution
		SolutionGuid = {00D99E3A-AF25-4256-A8ED-F2D8A2558064}
	EndGlobalSection
EndGlobal
